// !$*UTF8*$!
{
	archiveVersion = 1;
	classes = {
	};
	objectVersion = 56;
	objects = {

/* Begin PBXBuildFile section */
		78AD726D2A7EAD980082D080 /* Metropolis-Light.ttf in Resources */ = {isa = PBXBuildFile; fileRef = 78AD725B2A7EAD980082D080 /* Metropolis-Light.ttf */; };
		78AD726E2A7EAD980082D080 /* Metropolis-Regular.ttf in Resources */ = {isa = PBXBuildFile; fileRef = 78AD725C2A7EAD980082D080 /* Metropolis-Regular.ttf */; };
		78AD726F2A7EAD980082D080 /* Metropolis-RegularItalic.ttf in Resources */ = {isa = PBXBuildFile; fileRef = 78AD725D2A7EAD980082D080 /* Metropolis-RegularItalic.ttf */; };
		78AD72702A7EAD980082D080 /* Metropolis-ExtraBold.ttf in Resources */ = {isa = PBXBuildFile; fileRef = 78AD725E2A7EAD980082D080 /* Metropolis-ExtraBold.ttf */; };
		78AD72712A7EAD980082D080 /* Metropolis-SemiBoldItalic.ttf in Resources */ = {isa = PBXBuildFile; fileRef = 78AD725F2A7EAD980082D080 /* Metropolis-SemiBoldItalic.ttf */; };
		78AD72722A7EAD980082D080 /* Metropolis-Thin.ttf in Resources */ = {isa = PBXBuildFile; fileRef = 78AD72602A7EAD980082D080 /* Metropolis-Thin.ttf */; };
		78AD72732A7EAD980082D080 /* Metropolis-Bold.ttf in Resources */ = {isa = PBXBuildFile; fileRef = 78AD72612A7EAD980082D080 /* Metropolis-Bold.ttf */; };
		78AD72742A7EAD980082D080 /* Metropolis-ExtraBoldItalic.ttf in Resources */ = {isa = PBXBuildFile; fileRef = 78AD72622A7EAD980082D080 /* Metropolis-ExtraBoldItalic.ttf */; };
		78AD72752A7EAD980082D080 /* Metropolis-ThinItalic.ttf in Resources */ = {isa = PBXBuildFile; fileRef = 78AD72632A7EAD980082D080 /* Metropolis-ThinItalic.ttf */; };
		78AD72762A7EAD980082D080 /* Metropolis-ExtraLight.ttf in Resources */ = {isa = PBXBuildFile; fileRef = 78AD72642A7EAD980082D080 /* Metropolis-ExtraLight.ttf */; };
		78AD72772A7EAD980082D080 /* Metropolis-SemiBold.ttf in Resources */ = {isa = PBXBuildFile; fileRef = 78AD72652A7EAD980082D080 /* Metropolis-SemiBold.ttf */; };
		78AD72782A7EAD980082D080 /* Metropolis-LightItalic.ttf in Resources */ = {isa = PBXBuildFile; fileRef = 78AD72662A7EAD980082D080 /* Metropolis-LightItalic.ttf */; };
		78AD72792A7EAD980082D080 /* Metropolis-MediumItalic.ttf in Resources */ = {isa = PBXBuildFile; fileRef = 78AD72672A7EAD980082D080 /* Metropolis-MediumItalic.ttf */; };
		78AD727A2A7EAD980082D080 /* Metropolis-BoldItalic.ttf in Resources */ = {isa = PBXBuildFile; fileRef = 78AD72682A7EAD980082D080 /* Metropolis-BoldItalic.ttf */; };
		78AD727B2A7EAD980082D080 /* Metropolis-ExtraLightItalic.ttf in Resources */ = {isa = PBXBuildFile; fileRef = 78AD72692A7EAD980082D080 /* Metropolis-ExtraLightItalic.ttf */; };
		78AD727C2A7EAD980082D080 /* Metropolis-Medium.ttf in Resources */ = {isa = PBXBuildFile; fileRef = 78AD726A2A7EAD980082D080 /* Metropolis-Medium.ttf */; };
		78AD727D2A7EAD980082D080 /* Metropolis-BlackItalic.ttf in Resources */ = {isa = PBXBuildFile; fileRef = 78AD726B2A7EAD980082D080 /* Metropolis-BlackItalic.ttf */; };
		78AD727E2A7EAD980082D080 /* Metropolis-Black.ttf in Resources */ = {isa = PBXBuildFile; fileRef = 78AD726C2A7EAD980082D080 /* Metropolis-Black.ttf */; };
		78AD72802A7EBF180082D080 /* StartViewController.swift in Sources */ = {isa = PBXBuildFile; fileRef = 78AD727F2A7EBF180082D080 /* StartViewController.swift */; };
		78AD72822A7EFE080082D080 /* MainLoginViewController.swift in Sources */ = {isa = PBXBuildFile; fileRef = 78AD72812A7EFE080082D080 /* MainLoginViewController.swift */; };
		78F4DF4D2A7DBB420063EC1E /* AppDelegate.swift in Sources */ = {isa = PBXBuildFile; fileRef = 78F4DF4C2A7DBB420063EC1E /* AppDelegate.swift */; };
		78F4DF4F2A7DBB420063EC1E /* SceneDelegate.swift in Sources */ = {isa = PBXBuildFile; fileRef = 78F4DF4E2A7DBB420063EC1E /* SceneDelegate.swift */; };
		78F4DF512A7DBB420063EC1E /* ViewController.swift in Sources */ = {isa = PBXBuildFile; fileRef = 78F4DF502A7DBB420063EC1E /* ViewController.swift */; };
		78F4DF542A7DBB420063EC1E /* Main.storyboard in Resources */ = {isa = PBXBuildFile; fileRef = 78F4DF522A7DBB420063EC1E /* Main.storyboard */; };
		78F4DF562A7DBB440063EC1E /* Assets.xcassets in Resources */ = {isa = PBXBuildFile; fileRef = 78F4DF552A7DBB440063EC1E /* Assets.xcassets */; };
		78F4DF592A7DBB440063EC1E /* LaunchScreen.storyboard in Resources */ = {isa = PBXBuildFile; fileRef = 78F4DF572A7DBB440063EC1E /* LaunchScreen.storyboard */; };
/* End PBXBuildFile section */

/* Begin PBXFileReference section */
		78AD725B2A7EAD980082D080 /* Metropolis-Light.ttf */ = {isa = PBXFileReference; lastKnownFileType = file; path = "Metropolis-Light.ttf"; sourceTree = "<group>"; };
		78AD725C2A7EAD980082D080 /* Metropolis-Regular.ttf */ = {isa = PBXFileReference; lastKnownFileType = file; path = "Metropolis-Regular.ttf"; sourceTree = "<group>"; };
		78AD725D2A7EAD980082D080 /* Metropolis-RegularItalic.ttf */ = {isa = PBXFileReference; lastKnownFileType = file; path = "Metropolis-RegularItalic.ttf"; sourceTree = "<group>"; };
		78AD725E2A7EAD980082D080 /* Metropolis-ExtraBold.ttf */ = {isa = PBXFileReference; lastKnownFileType = file; path = "Metropolis-ExtraBold.ttf"; sourceTree = "<group>"; };
		78AD725F2A7EAD980082D080 /* Metropolis-SemiBoldItalic.ttf */ = {isa = PBXFileReference; lastKnownFileType = file; path = "Metropolis-SemiBoldItalic.ttf"; sourceTree = "<group>"; };
		78AD72602A7EAD980082D080 /* Metropolis-Thin.ttf */ = {isa = PBXFileReference; lastKnownFileType = file; path = "Metropolis-Thin.ttf"; sourceTree = "<group>"; };
		78AD72612A7EAD980082D080 /* Metropolis-Bold.ttf */ = {isa = PBXFileReference; lastKnownFileType = file; path = "Metropolis-Bold.ttf"; sourceTree = "<group>"; };
		78AD72622A7EAD980082D080 /* Metropolis-ExtraBoldItalic.ttf */ = {isa = PBXFileReference; lastKnownFileType = file; path = "Metropolis-ExtraBoldItalic.ttf"; sourceTree = "<group>"; };
		78AD72632A7EAD980082D080 /* Metropolis-ThinItalic.ttf */ = {isa = PBXFileReference; lastKnownFileType = file; path = "Metropolis-ThinItalic.ttf"; sourceTree = "<group>"; };
		78AD72642A7EAD980082D080 /* Metropolis-ExtraLight.ttf */ = {isa = PBXFileReference; lastKnownFileType = file; path = "Metropolis-ExtraLight.ttf"; sourceTree = "<group>"; };
		78AD72652A7EAD980082D080 /* Metropolis-SemiBold.ttf */ = {isa = PBXFileReference; lastKnownFileType = file; path = "Metropolis-SemiBold.ttf"; sourceTree = "<group>"; };
		78AD72662A7EAD980082D080 /* Metropolis-LightItalic.ttf */ = {isa = PBXFileReference; lastKnownFileType = file; path = "Metropolis-LightItalic.ttf"; sourceTree = "<group>"; };
		78AD72672A7EAD980082D080 /* Metropolis-MediumItalic.ttf */ = {isa = PBXFileReference; lastKnownFileType = file; path = "Metropolis-MediumItalic.ttf"; sourceTree = "<group>"; };
		78AD72682A7EAD980082D080 /* Metropolis-BoldItalic.ttf */ = {isa = PBXFileReference; lastKnownFileType = file; path = "Metropolis-BoldItalic.ttf"; sourceTree = "<group>"; };
		78AD72692A7EAD980082D080 /* Metropolis-ExtraLightItalic.ttf */ = {isa = PBXFileReference; lastKnownFileType = file; path = "Metropolis-ExtraLightItalic.ttf"; sourceTree = "<group>"; };
		78AD726A2A7EAD980082D080 /* Metropolis-Medium.ttf */ = {isa = PBXFileReference; lastKnownFileType = file; path = "Metropolis-Medium.ttf"; sourceTree = "<group>"; };
		78AD726B2A7EAD980082D080 /* Metropolis-BlackItalic.ttf */ = {isa = PBXFileReference; lastKnownFileType = file; path = "Metropolis-BlackItalic.ttf"; sourceTree = "<group>"; };
		78AD726C2A7EAD980082D080 /* Metropolis-Black.ttf */ = {isa = PBXFileReference; lastKnownFileType = file; path = "Metropolis-Black.ttf"; sourceTree = "<group>"; };
		78AD727F2A7EBF180082D080 /* StartViewController.swift */ = {isa = PBXFileReference; lastKnownFileType = sourcecode.swift; path = StartViewController.swift; sourceTree = "<group>"; };
		78AD72812A7EFE080082D080 /* MainLoginViewController.swift */ = {isa = PBXFileReference; lastKnownFileType = sourcecode.swift; path = MainLoginViewController.swift; sourceTree = "<group>"; };
		78F4DF492A7DBB420063EC1E /* Notely.app */ = {isa = PBXFileReference; explicitFileType = wrapper.application; includeInIndex = 0; path = Notely.app; sourceTree = BUILT_PRODUCTS_DIR; };
		78F4DF4C2A7DBB420063EC1E /* AppDelegate.swift */ = {isa = PBXFileReference; lastKnownFileType = sourcecode.swift; path = AppDelegate.swift; sourceTree = "<group>"; };
		78F4DF4E2A7DBB420063EC1E /* SceneDelegate.swift */ = {isa = PBXFileReference; lastKnownFileType = sourcecode.swift; path = SceneDelegate.swift; sourceTree = "<group>"; };
		78F4DF502A7DBB420063EC1E /* ViewController.swift */ = {isa = PBXFileReference; lastKnownFileType = sourcecode.swift; path = ViewController.swift; sourceTree = "<group>"; };
		78F4DF532A7DBB420063EC1E /* Base */ = {isa = PBXFileReference; lastKnownFileType = file.storyboard; name = Base; path = Base.lproj/Main.storyboard; sourceTree = "<group>"; };
		78F4DF552A7DBB440063EC1E /* Assets.xcassets */ = {isa = PBXFileReference; lastKnownFileType = folder.assetcatalog; path = Assets.xcassets; sourceTree = "<group>"; };
		78F4DF582A7DBB440063EC1E /* Base */ = {isa = PBXFileReference; lastKnownFileType = file.storyboard; name = Base; path = Base.lproj/LaunchScreen.storyboard; sourceTree = "<group>"; };
		78F4DF5A2A7DBB440063EC1E /* Info.plist */ = {isa = PBXFileReference; lastKnownFileType = text.plist.xml; path = Info.plist; sourceTree = "<group>"; };
/* End PBXFileReference section */

/* Begin PBXFrameworksBuildPhase section */
		78F4DF462A7DBB420063EC1E /* Frameworks */ = {
			isa = PBXFrameworksBuildPhase;
			buildActionMask = 2147483647;
			files = (
			);
			runOnlyForDeploymentPostprocessing = 0;
		};
/* End PBXFrameworksBuildPhase section */

/* Begin PBXGroup section */
		78AD725A2A7EAD980082D080 /* font */ = {
			isa = PBXGroup;
			children = (
				78AD725B2A7EAD980082D080 /* Metropolis-Light.ttf */,
				78AD725C2A7EAD980082D080 /* Metropolis-Regular.ttf */,
				78AD725D2A7EAD980082D080 /* Metropolis-RegularItalic.ttf */,
				78AD725E2A7EAD980082D080 /* Metropolis-ExtraBold.ttf */,
				78AD725F2A7EAD980082D080 /* Metropolis-SemiBoldItalic.ttf */,
				78AD72602A7EAD980082D080 /* Metropolis-Thin.ttf */,
				78AD72612A7EAD980082D080 /* Metropolis-Bold.ttf */,
				78AD72622A7EAD980082D080 /* Metropolis-ExtraBoldItalic.ttf */,
				78AD72632A7EAD980082D080 /* Metropolis-ThinItalic.ttf */,
				78AD72642A7EAD980082D080 /* Metropolis-ExtraLight.ttf */,
				78AD72652A7EAD980082D080 /* Metropolis-SemiBold.ttf */,
				78AD72662A7EAD980082D080 /* Metropolis-LightItalic.ttf */,
				78AD72672A7EAD980082D080 /* Metropolis-MediumItalic.ttf */,
				78AD72682A7EAD980082D080 /* Metropolis-BoldItalic.ttf */,
				78AD72692A7EAD980082D080 /* Metropolis-ExtraLightItalic.ttf */,
				78AD726A2A7EAD980082D080 /* Metropolis-Medium.ttf */,
				78AD726B2A7EAD980082D080 /* Metropolis-BlackItalic.ttf */,
				78AD726C2A7EAD980082D080 /* Metropolis-Black.ttf */,
			);
			path = font;
			sourceTree = "<group>";
		};
		78F4DF402A7DBB420063EC1E = {
			isa = PBXGroup;
			children = (
				78AD725A2A7EAD980082D080 /* font */,
				78F4DF4B2A7DBB420063EC1E /* Notely */,
				78F4DF4A2A7DBB420063EC1E /* Products */,
			);
			sourceTree = "<group>";
		};
		78F4DF4A2A7DBB420063EC1E /* Products */ = {
			isa = PBXGroup;
			children = (
				78F4DF492A7DBB420063EC1E /* Notely.app */,
			);
			name = Products;
			sourceTree = "<group>";
		};
		78F4DF4B2A7DBB420063EC1E /* Notely */ = {
			isa = PBXGroup;
			children = (
				78F4DF4C2A7DBB420063EC1E /* AppDelegate.swift */,
				78F4DF4E2A7DBB420063EC1E /* SceneDelegate.swift */,
				78AD727F2A7EBF180082D080 /* StartViewController.swift */,
				78AD72812A7EFE080082D080 /* MainLoginViewController.swift */,
				78F4DF502A7DBB420063EC1E /* ViewController.swift */,
				78F4DF522A7DBB420063EC1E /* Main.storyboard */,
				78F4DF552A7DBB440063EC1E /* Assets.xcassets */,
				78F4DF572A7DBB440063EC1E /* LaunchScreen.storyboard */,
				78F4DF5A2A7DBB440063EC1E /* Info.plist */,
			);
			path = Notely;
			sourceTree = "<group>";
		};
/* End PBXGroup section */

/* Begin PBXNativeTarget section */
		78F4DF482A7DBB420063EC1E /* Notely */ = {
			isa = PBXNativeTarget;
			buildConfigurationList = 78F4DF5D2A7DBB440063EC1E /* Build configuration list for PBXNativeTarget "Notely" */;
			buildPhases = (
				78F4DF452A7DBB420063EC1E /* Sources */,
				78F4DF462A7DBB420063EC1E /* Frameworks */,
				78F4DF472A7DBB420063EC1E /* Resources */,
			);
			buildRules = (
			);
			dependencies = (
			);
			name = Notely;
			productName = Notely;
			productReference = 78F4DF492A7DBB420063EC1E /* Notely.app */;
			productType = "com.apple.product-type.application";
		};
/* End PBXNativeTarget section */

/* Begin PBXProject section */
		78F4DF412A7DBB420063EC1E /* Project object */ = {
			isa = PBXProject;
			attributes = {
				BuildIndependentTargetsInParallel = 1;
				LastSwiftUpdateCheck = 1420;
				LastUpgradeCheck = 1420;
				TargetAttributes = {
					78F4DF482A7DBB420063EC1E = {
						CreatedOnToolsVersion = 14.2;
					};
				};
			};
			buildConfigurationList = 78F4DF442A7DBB420063EC1E /* Build configuration list for PBXProject "Notely" */;
			compatibilityVersion = "Xcode 14.0";
			developmentRegion = en;
			hasScannedForEncodings = 0;
			knownRegions = (
				en,
				Base,
			);
			mainGroup = 78F4DF402A7DBB420063EC1E;
			productRefGroup = 78F4DF4A2A7DBB420063EC1E /* Products */;
			projectDirPath = "";
			projectRoot = "";
			targets = (
				78F4DF482A7DBB420063EC1E /* Notely */,
			);
		};
/* End PBXProject section */

/* Begin PBXResourcesBuildPhase section */
		78F4DF472A7DBB420063EC1E /* Resources */ = {
			isa = PBXResourcesBuildPhase;
			buildActionMask = 2147483647;
			files = (
				78AD727D2A7EAD980082D080 /* Metropolis-BlackItalic.ttf in Resources */,
				78AD72762A7EAD980082D080 /* Metropolis-ExtraLight.ttf in Resources */,
				78AD726E2A7EAD980082D080 /* Metropolis-Regular.ttf in Resources */,
				78AD72712A7EAD980082D080 /* Metropolis-SemiBoldItalic.ttf in Resources */,
				78F4DF592A7DBB440063EC1E /* LaunchScreen.storyboard in Resources */,
				78F4DF562A7DBB440063EC1E /* Assets.xcassets in Resources */,
				78AD726F2A7EAD980082D080 /* Metropolis-RegularItalic.ttf in Resources */,
				78AD72732A7EAD980082D080 /* Metropolis-Bold.ttf in Resources */,
				78AD727A2A7EAD980082D080 /* Metropolis-BoldItalic.ttf in Resources */,
				78F4DF542A7DBB420063EC1E /* Main.storyboard in Resources */,
				78AD726D2A7EAD980082D080 /* Metropolis-Light.ttf in Resources */,
				78AD72792A7EAD980082D080 /* Metropolis-MediumItalic.ttf in Resources */,
				78AD72742A7EAD980082D080 /* Metropolis-ExtraBoldItalic.ttf in Resources */,
				78AD727C2A7EAD980082D080 /* Metropolis-Medium.ttf in Resources */,
				78AD72752A7EAD980082D080 /* Metropolis-ThinItalic.ttf in Resources */,
				78AD72782A7EAD980082D080 /* Metropolis-LightItalic.ttf in Resources */,
				78AD727B2A7EAD980082D080 /* Metropolis-ExtraLightItalic.ttf in Resources */,
				78AD72772A7EAD980082D080 /* Metropolis-SemiBold.ttf in Resources */,
				78AD727E2A7EAD980082D080 /* Metropolis-Black.ttf in Resources */,
				78AD72722A7EAD980082D080 /* Metropolis-Thin.ttf in Resources */,
				78AD72702A7EAD980082D080 /* Metropolis-ExtraBold.ttf in Resources */,
			);
			runOnlyForDeploymentPostprocessing = 0;
		};
/* End PBXResourcesBuildPhase section */

/* Begin PBXSourcesBuildPhase section */
		78F4DF452A7DBB420063EC1E /* Sources */ = {
			isa = PBXSourcesBuildPhase;
			buildActionMask = 2147483647;
			files = (
				78AD72822A7EFE080082D080 /* MainLoginViewController.swift in Sources */,
				78F4DF512A7DBB420063EC1E /* ViewController.swift in Sources */,
				78AD72802A7EBF180082D080 /* StartViewController.swift in Sources */,
				78F4DF4D2A7DBB420063EC1E /* AppDelegate.swift in Sources */,
				78F4DF4F2A7DBB420063EC1E /* SceneDelegate.swift in Sources */,
			);
			runOnlyForDeploymentPostprocessing = 0;
		};
/* End PBXSourcesBuildPhase section */

/* Begin PBXVariantGroup section */
		78F4DF522A7DBB420063EC1E /* Main.storyboard */ = {
			isa = PBXVariantGroup;
			children = (
				78F4DF532A7DBB420063EC1E /* Base */,
			);
			name = Main.storyboard;
			sourceTree = "<group>";
		};
		78F4DF572A7DBB440063EC1E /* LaunchScreen.storyboard */ = {
			isa = PBXVariantGroup;
			children = (
				78F4DF582A7DBB440063EC1E /* Base */,
			);
			name = LaunchScreen.storyboard;
			sourceTree = "<group>";
		};
/* End PBXVariantGroup section */

/* Begin XCBuildConfiguration section */
		78F4DF5B2A7DBB440063EC1E /* Debug */ = {
			isa = XCBuildConfiguration;
			buildSettings = {
				ALWAYS_SEARCH_USER_PATHS = NO;
				CLANG_ANALYZER_NONNULL = YES;
				CLANG_ANALYZER_NUMBER_OBJECT_CONVERSION = YES_AGGRESSIVE;
				CLANG_CXX_LANGUAGE_STANDARD = "gnu++20";
				CLANG_ENABLE_MODULES = YES;
				CLANG_ENABLE_OBJC_ARC = YES;
				CLANG_ENABLE_OBJC_WEAK = YES;
				CLANG_WARN_BLOCK_CAPTURE_AUTORELEASING = YES;
				CLANG_WARN_BOOL_CONVERSION = YES;
				CLANG_WARN_COMMA = YES;
				CLANG_WARN_CONSTANT_CONVERSION = YES;
				CLANG_WARN_DEPRECATED_OBJC_IMPLEMENTATIONS = YES;
				CLANG_WARN_DIRECT_OBJC_ISA_USAGE = YES_ERROR;
				CLANG_WARN_DOCUMENTATION_COMMENTS = YES;
				CLANG_WARN_EMPTY_BODY = YES;
				CLANG_WARN_ENUM_CONVERSION = YES;
				CLANG_WARN_INFINITE_RECURSION = YES;
				CLANG_WARN_INT_CONVERSION = YES;
				CLANG_WARN_NON_LITERAL_NULL_CONVERSION = YES;
				CLANG_WARN_OBJC_IMPLICIT_RETAIN_SELF = YES;
				CLANG_WARN_OBJC_LITERAL_CONVERSION = YES;
				CLANG_WARN_OBJC_ROOT_CLASS = YES_ERROR;
				CLANG_WARN_QUOTED_INCLUDE_IN_FRAMEWORK_HEADER = YES;
				CLANG_WARN_RANGE_LOOP_ANALYSIS = YES;
				CLANG_WARN_STRICT_PROTOTYPES = YES;
				CLANG_WARN_SUSPICIOUS_MOVE = YES;
				CLANG_WARN_UNGUARDED_AVAILABILITY = YES_AGGRESSIVE;
				CLANG_WARN_UNREACHABLE_CODE = YES;
				CLANG_WARN__DUPLICATE_METHOD_MATCH = YES;
				COPY_PHASE_STRIP = NO;
				DEBUG_INFORMATION_FORMAT = dwarf;
				ENABLE_STRICT_OBJC_MSGSEND = YES;
				ENABLE_TESTABILITY = YES;
				GCC_C_LANGUAGE_STANDARD = gnu11;
				GCC_DYNAMIC_NO_PIC = NO;
				GCC_NO_COMMON_BLOCKS = YES;
				GCC_OPTIMIZATION_LEVEL = 0;
				GCC_PREPROCESSOR_DEFINITIONS = (
					"DEBUG=1",
					"$(inherited)",
				);
				GCC_WARN_64_TO_32_BIT_CONVERSION = YES;
				GCC_WARN_ABOUT_RETURN_TYPE = YES_ERROR;
				GCC_WARN_UNDECLARED_SELECTOR = YES;
				GCC_WARN_UNINITIALIZED_AUTOS = YES_AGGRESSIVE;
				GCC_WARN_UNUSED_FUNCTION = YES;
				GCC_WARN_UNUSED_VARIABLE = YES;
				IPHONEOS_DEPLOYMENT_TARGET = 16.2;
				MTL_ENABLE_DEBUG_INFO = INCLUDE_SOURCE;
				MTL_FAST_MATH = YES;
				ONLY_ACTIVE_ARCH = YES;
				SDKROOT = iphoneos;
				SWIFT_ACTIVE_COMPILATION_CONDITIONS = DEBUG;
				SWIFT_OPTIMIZATION_LEVEL = "-Onone";
			};
			name = Debug;
		};
		78F4DF5C2A7DBB440063EC1E /* Release */ = {
			isa = XCBuildConfiguration;
			buildSettings = {
				ALWAYS_SEARCH_USER_PATHS = NO;
				CLANG_ANALYZER_NONNULL = YES;
				CLANG_ANALYZER_NUMBER_OBJECT_CONVERSION = YES_AGGRESSIVE;
				CLANG_CXX_LANGUAGE_STANDARD = "gnu++20";
				CLANG_ENABLE_MODULES = YES;
				CLANG_ENABLE_OBJC_ARC = YES;
				CLANG_ENABLE_OBJC_WEAK = YES;
				CLANG_WARN_BLOCK_CAPTURE_AUTORELEASING = YES;
				CLANG_WARN_BOOL_CONVERSION = YES;
				CLANG_WARN_COMMA = YES;
				CLANG_WARN_CONSTANT_CONVERSION = YES;
				CLANG_WARN_DEPRECATED_OBJC_IMPLEMENTATIONS = YES;
				CLANG_WARN_DIRECT_OBJC_ISA_USAGE = YES_ERROR;
				CLANG_WARN_DOCUMENTATION_COMMENTS = YES;
				CLANG_WARN_EMPTY_BODY = YES;
				CLANG_WARN_ENUM_CONVERSION = YES;
				CLANG_WARN_INFINITE_RECURSION = YES;
				CLANG_WARN_INT_CONVERSION = YES;
				CLANG_WARN_NON_LITERAL_NULL_CONVERSION = YES;
				CLANG_WARN_OBJC_IMPLICIT_RETAIN_SELF = YES;
				CLANG_WARN_OBJC_LITERAL_CONVERSION = YES;
				CLANG_WARN_OBJC_ROOT_CLASS = YES_ERROR;
				CLANG_WARN_QUOTED_INCLUDE_IN_FRAMEWORK_HEADER = YES;
				CLANG_WARN_RANGE_LOOP_ANALYSIS = YES;
				CLANG_WARN_STRICT_PROTOTYPES = YES;
				CLANG_WARN_SUSPICIOUS_MOVE = YES;
				CLANG_WARN_UNGUARDED_AVAILABILITY = YES_AGGRESSIVE;
				CLANG_WARN_UNREACHABLE_CODE = YES;
				CLANG_WARN__DUPLICATE_METHOD_MATCH = YES;
				COPY_PHASE_STRIP = NO;
				DEBUG_INFORMATION_FORMAT = "dwarf-with-dsym";
				ENABLE_NS_ASSERTIONS = NO;
				ENABLE_STRICT_OBJC_MSGSEND = YES;
				GCC_C_LANGUAGE_STANDARD = gnu11;
				GCC_NO_COMMON_BLOCKS = YES;
				GCC_WARN_64_TO_32_BIT_CONVERSION = YES;
				GCC_WARN_ABOUT_RETURN_TYPE = YES_ERROR;
				GCC_WARN_UNDECLARED_SELECTOR = YES;
				GCC_WARN_UNINITIALIZED_AUTOS = YES_AGGRESSIVE;
				GCC_WARN_UNUSED_FUNCTION = YES;
				GCC_WARN_UNUSED_VARIABLE = YES;
				IPHONEOS_DEPLOYMENT_TARGET = 16.2;
				MTL_ENABLE_DEBUG_INFO = NO;
				MTL_FAST_MATH = YES;
				SDKROOT = iphoneos;
				SWIFT_COMPILATION_MODE = wholemodule;
				SWIFT_OPTIMIZATION_LEVEL = "-O";
				VALIDATE_PRODUCT = YES;
			};
			name = Release;
		};
		78F4DF5E2A7DBB440063EC1E /* Debug */ = {
			isa = XCBuildConfiguration;
			buildSettings = {
				ASSETCATALOG_COMPILER_APPICON_NAME = AppIcon;
				ASSETCATALOG_COMPILER_GLOBAL_ACCENT_COLOR_NAME = AccentColor;
				CODE_SIGN_STYLE = Automatic;
				CURRENT_PROJECT_VERSION = 1;
				DEVELOPMENT_TEAM = AQPM435HZ6;
				GENERATE_INFOPLIST_FILE = YES;
				INFOPLIST_FILE = Notely/Info.plist;
				INFOPLIST_KEY_UIApplicationSupportsIndirectInputEvents = YES;
				INFOPLIST_KEY_UILaunchStoryboardName = LaunchScreen;
				INFOPLIST_KEY_UIMainStoryboardFile = Main;
				INFOPLIST_KEY_UISupportedInterfaceOrientations_iPad = "UIInterfaceOrientationPortrait UIInterfaceOrientationPortraitUpsideDown UIInterfaceOrientationLandscapeLeft UIInterfaceOrientationLandscapeRight";
				INFOPLIST_KEY_UISupportedInterfaceOrientations_iPhone = "UIInterfaceOrientationPortrait UIInterfaceOrientationLandscapeLeft UIInterfaceOrientationLandscapeRight";
				LD_RUNPATH_SEARCH_PATHS = (
					"$(inherited)",
					"@executable_path/Frameworks",
				);
				MARKETING_VERSION = 1.0;
				PRODUCT_BUNDLE_IDENTIFIER = com.example.Notely;
				PRODUCT_NAME = "$(TARGET_NAME)";
				SWIFT_EMIT_LOC_STRINGS = YES;
				SWIFT_VERSION = 5.0;
				TARGETED_DEVICE_FAMILY = "1,2";
			};
			name = Debug;
		};
		78F4DF5F2A7DBB440063EC1E /* Release */ = {
			isa = XCBuildConfiguration;
			buildSettings = {
				ASSETCATALOG_COMPILER_APPICON_NAME = AppIcon;
				ASSETCATALOG_COMPILER_GLOBAL_ACCENT_COLOR_NAME = AccentColor;
				CODE_SIGN_STYLE = Automatic;
				CURRENT_PROJECT_VERSION = 1;
				DEVELOPMENT_TEAM = AQPM435HZ6;
				GENERATE_INFOPLIST_FILE = YES;
				INFOPLIST_FILE = Notely/Info.plist;
				INFOPLIST_KEY_UIApplicationSupportsIndirectInputEvents = YES;
				INFOPLIST_KEY_UILaunchStoryboardName = LaunchScreen;
				INFOPLIST_KEY_UIMainStoryboardFile = Main;
				INFOPLIST_KEY_UISupportedInterfaceOrientations_iPad = "UIInterfaceOrientationPortrait UIInterfaceOrientationPortraitUpsideDown UIInterfaceOrientationLandscapeLeft UIInterfaceOrientationLandscapeRight";
				INFOPLIST_KEY_UISupportedInterfaceOrientations_iPhone = "UIInterfaceOrientationPortrait UIInterfaceOrientationLandscapeLeft UIInterfaceOrientationLandscapeRight";
				LD_RUNPATH_SEARCH_PATHS = (
					"$(inherited)",
					"@executable_path/Frameworks",
				);
				MARKETING_VERSION = 1.0;
				PRODUCT_BUNDLE_IDENTIFIER = com.example.Notely;
				PRODUCT_NAME = "$(TARGET_NAME)";
				SWIFT_EMIT_LOC_STRINGS = YES;
				SWIFT_VERSION = 5.0;
				TARGETED_DEVICE_FAMILY = "1,2";
			};
			name = Release;
		};
/* End XCBuildConfiguration section */

/* Begin XCConfigurationList section */
		78F4DF442A7DBB420063EC1E /* Build configuration list for PBXProject "Notely" */ = {
			isa = XCConfigurationList;
			buildConfigurations = (
				78F4DF5B2A7DBB440063EC1E /* Debug */,
				78F4DF5C2A7DBB440063EC1E /* Release */,
			);
			defaultConfigurationIsVisible = 0;
			defaultConfigurationName = Release;
		};
		78F4DF5D2A7DBB440063EC1E /* Build configuration list for PBXNativeTarget "Notely" */ = {
			isa = XCConfigurationList;
			buildConfigurations = (
				78F4DF5E2A7DBB440063EC1E /* Debug */,
				78F4DF5F2A7DBB440063EC1E /* Release */,
			);
			defaultConfigurationIsVisible = 0;
			defaultConfigurationName = Release;
		};
/* End XCConfigurationList section */
	};
	rootObject = 78F4DF412A7DBB420063EC1E /* Project object */;
}
